# THIS IS AN AUTOGENERATED FILE. DO NOT EDIT THIS FILE DIRECTLY.
# yarn lockfile v1
double-ended-queue@^2.1.0-0:
  version "2.1.0-0"
  resolved "https://registry.yarnpkg.com/double-ended-queue/-/double-ended-queue-2.1.0-0.tgz#103d3527fd31528f40188130c841efdd78264e5c"

generic-pool:
  version "2.4.2"
  resolved "https://registry.yarnpkg.com/generic-pool/-/generic-pool-2.4.2.tgz#886bc5bf0beb7db96e81bcbba078818de5a62683"

redis:
  version "2.6.2"
  resolved "https://registry.yarnpkg.com/redis/-/redis-2.6.2.tgz#7ccab0563013ac619e7dd84c6512b81d3d852579"
  dependencies:
    double-ended-queue "^2.1.0-0"
    redis-commands "^1.2.0"
    redis-parser "^2.0.0"

redis-commands@^1.2.0:
  version "1.2.0"
  resolved "https://registry.yarnpkg.com/redis-commands/-/redis-commands-1.2.0.tgz#4808e7a0fcb1d3609bec56eecc3532dacbab981c"

redis-parser@^2.0.0:
  version "2.0.4"
  resolved "https://registry.yarnpkg.com/redis-parser/-/redis-parser-2.0.4.tgz#70cbbb3cef8bf41a315388afe14904a65a7a1028"

